// !$*UTF8*$!
{
	archiveVersion = 1;
	classes = {
	};
	objectVersion = 55;
	objects = {

/* Begin PBXBuildFile section */
		66C695E4277AF73B00184173 /* PomuSheetApp.swift in Sources */ = {isa = PBXBuildFile; fileRef = 66C695E3277AF73B00184173 /* PomuSheetApp.swift */; };
		66C695E6277AF73B00184173 /* ContentView.swift in Sources */ = {isa = PBXBuildFile; fileRef = 66C695E5277AF73B00184173 /* ContentView.swift */; };
		66C695E8277AF73D00184173 /* Assets.xcassets in Resources */ = {isa = PBXBuildFile; fileRef = 66C695E7277AF73D00184173 /* Assets.xcassets */; };
		66C695EB277AF73D00184173 /* Preview Assets.xcassets in Resources */ = {isa = PBXBuildFile; fileRef = 66C695EA277AF73D00184173 /* Preview Assets.xcassets */; };
		66C695F5277AF73D00184173 /* PomuSheetTests.swift in Sources */ = {isa = PBXBuildFile; fileRef = 66C695F4277AF73D00184173 /* PomuSheetTests.swift */; };
		66C695FF277AF73D00184173 /* PomuSheetUITests.swift in Sources */ = {isa = PBXBuildFile; fileRef = 66C695FE277AF73D00184173 /* PomuSheetUITests.swift */; };
		66C69601277AF73D00184173 /* PomuSheetUITestsLaunchTests.swift in Sources */ = {isa = PBXBuildFile; fileRef = 66C69600277AF73D00184173 /* PomuSheetUITestsLaunchTests.swift */; };
		66C6960F277AF84400184173 /* Extension+View.swift in Sources */ = {isa = PBXBuildFile; fileRef = 66C6960E277AF84400184173 /* Extension+View.swift */; };
		66C69613277AF88300184173 /* PomuSheetManager.swift in Sources */ = {isa = PBXBuildFile; fileRef = 66C69612277AF88300184173 /* PomuSheetManager.swift */; };
		66C69615277AF8B900184173 /* PomuPresentationController.swift in Sources */ = {isa = PBXBuildFile; fileRef = 66C69614277AF8B900184173 /* PomuPresentationController.swift */; };
		66C6961B277AF97A00184173 /* ExampleView.swift in Sources */ = {isa = PBXBuildFile; fileRef = 66C6961A277AF97A00184173 /* ExampleView.swift */; };
		66C6961E277B0D2200184173 /* full_speed.sh in Resources */ = {isa = PBXBuildFile; fileRef = 66C6961C277B0C8D00184173 /* full_speed.sh */; };
		66C69620277B0EC600184173 /* README.md in Resources */ = {isa = PBXBuildFile; fileRef = 66C6961F277B0EC600184173 /* README.md */; };
/* End PBXBuildFile section */

/* Begin PBXContainerItemProxy section */
		66C695F1277AF73D00184173 /* PBXContainerItemProxy */ = {
			isa = PBXContainerItemProxy;
			containerPortal = 66C695D8277AF73B00184173 /* Project object */;
			proxyType = 1;
			remoteGlobalIDString = 66C695DF277AF73B00184173;
			remoteInfo = PomuSheet;
		};
		66C695FB277AF73D00184173 /* PBXContainerItemProxy */ = {
			isa = PBXContainerItemProxy;
			containerPortal = 66C695D8277AF73B00184173 /* Project object */;
			proxyType = 1;
			remoteGlobalIDString = 66C695DF277AF73B00184173;
			remoteInfo = PomuSheet;
		};
/* End PBXContainerItemProxy section */

/* Begin PBXFileReference section */
		66C695E0277AF73B00184173 /* PomuSheet.app */ = {isa = PBXFileReference; explicitFileType = wrapper.application; includeInIndex = 0; path = PomuSheet.app; sourceTree = BUILT_PRODUCTS_DIR; };
		66C695E3277AF73B00184173 /* PomuSheetApp.swift */ = {isa = PBXFileReference; lastKnownFileType = sourcecode.swift; path = PomuSheetApp.swift; sourceTree = "<group>"; };
		66C695E5277AF73B00184173 /* ContentView.swift */ = {isa = PBXFileReference; lastKnownFileType = sourcecode.swift; path = ContentView.swift; sourceTree = "<group>"; };
		66C695E7277AF73D00184173 /* Assets.xcassets */ = {isa = PBXFileReference; lastKnownFileType = folder.assetcatalog; path = Assets.xcassets; sourceTree = "<group>"; };
		66C695EA277AF73D00184173 /* Preview Assets.xcassets */ = {isa = PBXFileReference; lastKnownFileType = folder.assetcatalog; path = "Preview Assets.xcassets"; sourceTree = "<group>"; };
		66C695F0277AF73D00184173 /* PomuSheetTests.xctest */ = {isa = PBXFileReference; explicitFileType = wrapper.cfbundle; includeInIndex = 0; path = PomuSheetTests.xctest; sourceTree = BUILT_PRODUCTS_DIR; };
		66C695F4277AF73D00184173 /* PomuSheetTests.swift */ = {isa = PBXFileReference; lastKnownFileType = sourcecode.swift; path = PomuSheetTests.swift; sourceTree = "<group>"; };
		66C695FA277AF73D00184173 /* PomuSheetUITests.xctest */ = {isa = PBXFileReference; explicitFileType = wrapper.cfbundle; includeInIndex = 0; path = PomuSheetUITests.xctest; sourceTree = BUILT_PRODUCTS_DIR; };
		66C695FE277AF73D00184173 /* PomuSheetUITests.swift */ = {isa = PBXFileReference; lastKnownFileType = sourcecode.swift; path = PomuSheetUITests.swift; sourceTree = "<group>"; };
		66C69600277AF73D00184173 /* PomuSheetUITestsLaunchTests.swift */ = {isa = PBXFileReference; lastKnownFileType = sourcecode.swift; path = PomuSheetUITestsLaunchTests.swift; sourceTree = "<group>"; };
		66C6960E277AF84400184173 /* Extension+View.swift */ = {isa = PBXFileReference; lastKnownFileType = sourcecode.swift; path = "Extension+View.swift"; sourceTree = "<group>"; };
		66C69612277AF88300184173 /* PomuSheetManager.swift */ = {isa = PBXFileReference; lastKnownFileType = sourcecode.swift; path = PomuSheetManager.swift; sourceTree = "<group>"; };
		66C69614277AF8B900184173 /* PomuPresentationController.swift */ = {isa = PBXFileReference; lastKnownFileType = sourcecode.swift; path = PomuPresentationController.swift; sourceTree = "<group>"; };
		66C6961A277AF97A00184173 /* ExampleView.swift */ = {isa = PBXFileReference; lastKnownFileType = sourcecode.swift; path = ExampleView.swift; sourceTree = "<group>"; };
		66C6961C277B0C8D00184173 /* full_speed.sh */ = {isa = PBXFileReference; fileEncoding = 4; lastKnownFileType = text.script.sh; path = full_speed.sh; sourceTree = "<group>"; };
		66C6961F277B0EC600184173 /* README.md */ = {isa = PBXFileReference; lastKnownFileType = net.daringfireball.markdown; path = README.md; sourceTree = "<group>"; };
/* End PBXFileReference section */

/* Begin PBXFrameworksBuildPhase section */
		66C695DD277AF73B00184173 /* Frameworks */ = {
			isa = PBXFrameworksBuildPhase;
			buildActionMask = 2147483647;
			files = (
			);
			runOnlyForDeploymentPostprocessing = 0;
		};
		66C695ED277AF73D00184173 /* Frameworks */ = {
			isa = PBXFrameworksBuildPhase;
			buildActionMask = 2147483647;
			files = (
			);
			runOnlyForDeploymentPostprocessing = 0;
		};
		66C695F7277AF73D00184173 /* Frameworks */ = {
			isa = PBXFrameworksBuildPhase;
			buildActionMask = 2147483647;
			files = (
			);
			runOnlyForDeploymentPostprocessing = 0;
		};
/* End PBXFrameworksBuildPhase section */

/* Begin PBXGroup section */
		66C695D7277AF73B00184173 = {
			isa = PBXGroup;
			children = (
				66C6961F277B0EC600184173 /* README.md */,
				66C6961C277B0C8D00184173 /* full_speed.sh */,
				66C695E2277AF73B00184173 /* PomuSheet */,
				66C695F3277AF73D00184173 /* PomuSheetTests */,
				66C695FD277AF73D00184173 /* PomuSheetUITests */,
				66C695E1277AF73B00184173 /* Products */,
			);
			sourceTree = "<group>";
		};
		66C695E1277AF73B00184173 /* Products */ = {
			isa = PBXGroup;
			children = (
				66C695E0277AF73B00184173 /* PomuSheet.app */,
				66C695F0277AF73D00184173 /* PomuSheetTests.xctest */,
				66C695FA277AF73D00184173 /* PomuSheetUITests.xctest */,
			);
			name = Products;
			sourceTree = "<group>";
		};
		66C695E2277AF73B00184173 /* PomuSheet */ = {
			isa = PBXGroup;
			children = (
				66C69619277AF95600184173 /* Example */,
				66C69611277AF86700184173 /* Source */,
				66C695E3277AF73B00184173 /* PomuSheetApp.swift */,
				66C695E5277AF73B00184173 /* ContentView.swift */,
				66C695E7277AF73D00184173 /* Assets.xcassets */,
				66C695E9277AF73D00184173 /* Preview Content */,
			);
			path = PomuSheet;
			sourceTree = "<group>";
		};
		66C695E9277AF73D00184173 /* Preview Content */ = {
			isa = PBXGroup;
			children = (
				66C695EA277AF73D00184173 /* Preview Assets.xcassets */,
			);
			path = "Preview Content";
			sourceTree = "<group>";
		};
		66C695F3277AF73D00184173 /* PomuSheetTests */ = {
			isa = PBXGroup;
			children = (
				66C695F4277AF73D00184173 /* PomuSheetTests.swift */,
			);
			path = PomuSheetTests;
			sourceTree = "<group>";
		};
		66C695FD277AF73D00184173 /* PomuSheetUITests */ = {
			isa = PBXGroup;
			children = (
				66C695FE277AF73D00184173 /* PomuSheetUITests.swift */,
				66C69600277AF73D00184173 /* PomuSheetUITestsLaunchTests.swift */,
			);
			path = PomuSheetUITests;
			sourceTree = "<group>";
		};
		66C6960D277AF81F00184173 /* Extension */ = {
			isa = PBXGroup;
			children = (
				66C6960E277AF84400184173 /* Extension+View.swift */,
			);
			path = Extension;
			sourceTree = "<group>";
		};
		66C69610277AF85D00184173 /* Manager */ = {
			isa = PBXGroup;
			children = (
				66C69612277AF88300184173 /* PomuSheetManager.swift */,
			);
			path = Manager;
			sourceTree = "<group>";
		};
		66C69611277AF86700184173 /* Source */ = {
			isa = PBXGroup;
			children = (
				66C69618277AF8CD00184173 /* Controller */,
				66C6960D277AF81F00184173 /* Extension */,
				66C69610277AF85D00184173 /* Manager */,
			);
			path = Source;
			sourceTree = "<group>";
		};
		66C69618277AF8CD00184173 /* Controller */ = {
			isa = PBXGroup;
			children = (
				66C69614277AF8B900184173 /* PomuPresentationController.swift */,
			);
			path = Controller;
			sourceTree = "<group>";
		};
		66C69619277AF95600184173 /* Example */ = {
			isa = PBXGroup;
			children = (
				66C6961A277AF97A00184173 /* ExampleView.swift */,
			);
			path = Example;
			sourceTree = "<group>";
		};
/* End PBXGroup section */

/* Begin PBXNativeTarget section */
		66C695DF277AF73B00184173 /* PomuSheet */ = {
			isa = PBXNativeTarget;
			buildConfigurationList = 66C69604277AF73D00184173 /* Build configuration list for PBXNativeTarget "PomuSheet" */;
			buildPhases = (
				66C695DC277AF73B00184173 /* Sources */,
				66C695DD277AF73B00184173 /* Frameworks */,
				66C695DE277AF73B00184173 /* Resources */,
			);
			buildRules = (
			);
			dependencies = (
			);
			name = PomuSheet;
			productName = PomuSheet;
			productReference = 66C695E0277AF73B00184173 /* PomuSheet.app */;
			productType = "com.apple.product-type.application";
		};
		66C695EF277AF73D00184173 /* PomuSheetTests */ = {
			isa = PBXNativeTarget;
			buildConfigurationList = 66C69607277AF73D00184173 /* Build configuration list for PBXNativeTarget "PomuSheetTests" */;
			buildPhases = (
				66C695EC277AF73D00184173 /* Sources */,
				66C695ED277AF73D00184173 /* Frameworks */,
				66C695EE277AF73D00184173 /* Resources */,
			);
			buildRules = (
			);
			dependencies = (
				66C695F2277AF73D00184173 /* PBXTargetDependency */,
			);
			name = PomuSheetTests;
			productName = PomuSheetTests;
			productReference = 66C695F0277AF73D00184173 /* PomuSheetTests.xctest */;
			productType = "com.apple.product-type.bundle.unit-test";
		};
		66C695F9277AF73D00184173 /* PomuSheetUITests */ = {
			isa = PBXNativeTarget;
			buildConfigurationList = 66C6960A277AF73D00184173 /* Build configuration list for PBXNativeTarget "PomuSheetUITests" */;
			buildPhases = (
				66C695F6277AF73D00184173 /* Sources */,
				66C695F7277AF73D00184173 /* Frameworks */,
				66C695F8277AF73D00184173 /* Resources */,
			);
			buildRules = (
			);
			dependencies = (
				66C695FC277AF73D00184173 /* PBXTargetDependency */,
			);
			name = PomuSheetUITests;
			productName = PomuSheetUITests;
			productReference = 66C695FA277AF73D00184173 /* PomuSheetUITests.xctest */;
			productType = "com.apple.product-type.bundle.ui-testing";
		};
/* End PBXNativeTarget section */

/* Begin PBXProject section */
		66C695D8277AF73B00184173 /* Project object */ = {
			isa = PBXProject;
			attributes = {
				BuildIndependentTargetsInParallel = 1;
				LastSwiftUpdateCheck = 1310;
				LastUpgradeCheck = 1310;
				TargetAttributes = {
					66C695DF277AF73B00184173 = {
						CreatedOnToolsVersion = 13.1;
					};
					66C695EF277AF73D00184173 = {
						CreatedOnToolsVersion = 13.1;
						TestTargetID = 66C695DF277AF73B00184173;
					};
					66C695F9277AF73D00184173 = {
						CreatedOnToolsVersion = 13.1;
						TestTargetID = 66C695DF277AF73B00184173;
					};
				};
			};
			buildConfigurationList = 66C695DB277AF73B00184173 /* Build configuration list for PBXProject "PomuSheet" */;
			compatibilityVersion = "Xcode 13.0";
			developmentRegion = en;
			hasScannedForEncodings = 0;
			knownRegions = (
				en,
				Base,
			);
			mainGroup = 66C695D7277AF73B00184173;
			productRefGroup = 66C695E1277AF73B00184173 /* Products */;
			projectDirPath = "";
			projectRoot = "";
			targets = (
				66C695DF277AF73B00184173 /* PomuSheet */,
				66C695EF277AF73D00184173 /* PomuSheetTests */,
				66C695F9277AF73D00184173 /* PomuSheetUITests */,
			);
		};
/* End PBXProject section */

/* Begin PBXResourcesBuildPhase section */
		66C695DE277AF73B00184173 /* Resources */ = {
			isa = PBXResourcesBuildPhase;
			buildActionMask = 2147483647;
			files = (
				66C69620277B0EC600184173 /* README.md in Resources */,
				66C695EB277AF73D00184173 /* Preview Assets.xcassets in Resources */,
				66C695E8277AF73D00184173 /* Assets.xcassets in Resources */,
			);
			runOnlyForDeploymentPostprocessing = 0;
		};
		66C695EE277AF73D00184173 /* Resources */ = {
			isa = PBXResourcesBuildPhase;
			buildActionMask = 2147483647;
			files = (
			);
			runOnlyForDeploymentPostprocessing = 0;
		};
		66C695F8277AF73D00184173 /* Resources */ = {
			isa = PBXResourcesBuildPhase;
			buildActionMask = 2147483647;
			files = (
				66C6961E277B0D2200184173 /* full_speed.sh in Resources */,
			);
			runOnlyForDeploymentPostprocessing = 0;
		};
/* End PBXResourcesBuildPhase section */

/* Begin PBXSourcesBuildPhase section */
		66C695DC277AF73B00184173 /* Sources */ = {
			isa = PBXSourcesBuildPhase;
			buildActionMask = 2147483647;
			files = (
				66C695E6277AF73B00184173 /* ContentView.swift in Sources */,
				66C69615277AF8B900184173 /* PomuPresentationController.swift in Sources */,
				66C6960F277AF84400184173 /* Extension+View.swift in Sources */,
				66C69613277AF88300184173 /* PomuSheetManager.swift in Sources */,
				66C695E4277AF73B00184173 /* PomuSheetApp.swift in Sources */,
				66C6961B277AF97A00184173 /* ExampleView.swift in Sources */,
			);
			runOnlyForDeploymentPostprocessing = 0;
		};
		66C695EC277AF73D00184173 /* Sources */ = {
			isa = PBXSourcesBuildPhase;
			buildActionMask = 2147483647;
			files = (
				66C695F5277AF73D00184173 /* PomuSheetTests.swift in Sources */,
			);
			runOnlyForDeploymentPostprocessing = 0;
		};
		66C695F6277AF73D00184173 /* Sources */ = {
			isa = PBXSourcesBuildPhase;
			buildActionMask = 2147483647;
			files = (
				66C695FF277AF73D00184173 /* PomuSheetUITests.swift in Sources */,
				66C69601277AF73D00184173 /* PomuSheetUITestsLaunchTests.swift in Sources */,
			);
			runOnlyForDeploymentPostprocessing = 0;
		};
/* End PBXSourcesBuildPhase section */

/* Begin PBXTargetDependency section */
		66C695F2277AF73D00184173 /* PBXTargetDependency */ = {
			isa = PBXTargetDependency;
			target = 66C695DF277AF73B00184173 /* PomuSheet */;
			targetProxy = 66C695F1277AF73D00184173 /* PBXContainerItemProxy */;
		};
		66C695FC277AF73D00184173 /* PBXTargetDependency */ = {
			isa = PBXTargetDependency;
			target = 66C695DF277AF73B00184173 /* PomuSheet */;
			targetProxy = 66C695FB277AF73D00184173 /* PBXContainerItemProxy */;
		};
/* End PBXTargetDependency section */

/* Begin XCBuildConfiguration section */
		66C69602277AF73D00184173 /* Debug */ = {
			isa = XCBuildConfiguration;
			buildSettings = {
				ALWAYS_SEARCH_USER_PATHS = NO;
				CLANG_ANALYZER_NONNULL = YES;
				CLANG_ANALYZER_NUMBER_OBJECT_CONVERSION = YES_AGGRESSIVE;
				CLANG_CXX_LANGUAGE_STANDARD = "gnu++17";
				CLANG_CXX_LIBRARY = "libc++";
				CLANG_ENABLE_MODULES = YES;
				CLANG_ENABLE_OBJC_ARC = YES;
				CLANG_ENABLE_OBJC_WEAK = YES;
				CLANG_WARN_BLOCK_CAPTURE_AUTORELEASING = YES;
				CLANG_WARN_BOOL_CONVERSION = YES;
				CLANG_WARN_COMMA = YES;
				CLANG_WARN_CONSTANT_CONVERSION = YES;
				CLANG_WARN_DEPRECATED_OBJC_IMPLEMENTATIONS = YES;
				CLANG_WARN_DIRECT_OBJC_ISA_USAGE = YES_ERROR;
				CLANG_WARN_DOCUMENTATION_COMMENTS = YES;
				CLANG_WARN_EMPTY_BODY = YES;
				CLANG_WARN_ENUM_CONVERSION = YES;
				CLANG_WARN_INFINITE_RECURSION = YES;
				CLANG_WARN_INT_CONVERSION = YES;
				CLANG_WARN_NON_LITERAL_NULL_CONVERSION = YES;
				CLANG_WARN_OBJC_IMPLICIT_RETAIN_SELF = YES;
				CLANG_WARN_OBJC_LITERAL_CONVERSION = YES;
				CLANG_WARN_OBJC_ROOT_CLASS = YES_ERROR;
				CLANG_WARN_QUOTED_INCLUDE_IN_FRAMEWORK_HEADER = YES;
				CLANG_WARN_RANGE_LOOP_ANALYSIS = YES;
				CLANG_WARN_STRICT_PROTOTYPES = YES;
				CLANG_WARN_SUSPICIOUS_MOVE = YES;
				CLANG_WARN_UNGUARDED_AVAILABILITY = YES_AGGRESSIVE;
				CLANG_WARN_UNREACHABLE_CODE = YES;
				CLANG_WARN__DUPLICATE_METHOD_MATCH = YES;
				COPY_PHASE_STRIP = NO;
				DEBUG_INFORMATION_FORMAT = dwarf;
				ENABLE_STRICT_OBJC_MSGSEND = YES;
				ENABLE_TESTABILITY = YES;
				GCC_C_LANGUAGE_STANDARD = gnu11;
				GCC_DYNAMIC_NO_PIC = NO;
				GCC_NO_COMMON_BLOCKS = YES;
				GCC_OPTIMIZATION_LEVEL = 0;
				GCC_PREPROCESSOR_DEFINITIONS = (
					"DEBUG=1",
					"$(inherited)",
				);
				GCC_WARN_64_TO_32_BIT_CONVERSION = YES;
				GCC_WARN_ABOUT_RETURN_TYPE = YES_ERROR;
				GCC_WARN_UNDECLARED_SELECTOR = YES;
				GCC_WARN_UNINITIALIZED_AUTOS = YES_AGGRESSIVE;
				GCC_WARN_UNUSED_FUNCTION = YES;
				GCC_WARN_UNUSED_VARIABLE = YES;
				IPHONEOS_DEPLOYMENT_TARGET = 15.0;
				MTL_ENABLE_DEBUG_INFO = INCLUDE_SOURCE;
				MTL_FAST_MATH = YES;
				ONLY_ACTIVE_ARCH = YES;
				SDKROOT = iphoneos;
				SWIFT_ACTIVE_COMPILATION_CONDITIONS = DEBUG;
				SWIFT_OPTIMIZATION_LEVEL = "-Onone";
			};
			name = Debug;
		};
		66C69603277AF73D00184173 /* Release */ = {
			isa = XCBuildConfiguration;
			buildSettings = {
				ALWAYS_SEARCH_USER_PATHS = NO;
				CLANG_ANALYZER_NONNULL = YES;
				CLANG_ANALYZER_NUMBER_OBJECT_CONVERSION = YES_AGGRESSIVE;
				CLANG_CXX_LANGUAGE_STANDARD = "gnu++17";
				CLANG_CXX_LIBRARY = "libc++";
				CLANG_ENABLE_MODULES = YES;
				CLANG_ENABLE_OBJC_ARC = YES;
				CLANG_ENABLE_OBJC_WEAK = YES;
				CLANG_WARN_BLOCK_CAPTURE_AUTORELEASING = YES;
				CLANG_WARN_BOOL_CONVERSION = YES;
				CLANG_WARN_COMMA = YES;
				CLANG_WARN_CONSTANT_CONVERSION = YES;
				CLANG_WARN_DEPRECATED_OBJC_IMPLEMENTATIONS = YES;
				CLANG_WARN_DIRECT_OBJC_ISA_USAGE = YES_ERROR;
				CLANG_WARN_DOCUMENTATION_COMMENTS = YES;
				CLANG_WARN_EMPTY_BODY = YES;
				CLANG_WARN_ENUM_CONVERSION = YES;
				CLANG_WARN_INFINITE_RECURSION = YES;
				CLANG_WARN_INT_CONVERSION = YES;
				CLANG_WARN_NON_LITERAL_NULL_CONVERSION = YES;
				CLANG_WARN_OBJC_IMPLICIT_RETAIN_SELF = YES;
				CLANG_WARN_OBJC_LITERAL_CONVERSION = YES;
				CLANG_WARN_OBJC_ROOT_CLASS = YES_ERROR;
				CLANG_WARN_QUOTED_INCLUDE_IN_FRAMEWORK_HEADER = YES;
				CLANG_WARN_RANGE_LOOP_ANALYSIS = YES;
				CLANG_WARN_STRICT_PROTOTYPES = YES;
				CLANG_WARN_SUSPICIOUS_MOVE = YES;
				CLANG_WARN_UNGUARDED_AVAILABILITY = YES_AGGRESSIVE;
				CLANG_WARN_UNREACHABLE_CODE = YES;
				CLANG_WARN__DUPLICATE_METHOD_MATCH = YES;
				COPY_PHASE_STRIP = NO;
				DEBUG_INFORMATION_FORMAT = "dwarf-with-dsym";
				ENABLE_NS_ASSERTIONS = NO;
				ENABLE_STRICT_OBJC_MSGSEND = YES;
				GCC_C_LANGUAGE_STANDARD = gnu11;
				GCC_NO_COMMON_BLOCKS = YES;
				GCC_WARN_64_TO_32_BIT_CONVERSION = YES;
				GCC_WARN_ABOUT_RETURN_TYPE = YES_ERROR;
				GCC_WARN_UNDECLARED_SELECTOR = YES;
				GCC_WARN_UNINITIALIZED_AUTOS = YES_AGGRESSIVE;
				GCC_WARN_UNUSED_FUNCTION = YES;
				GCC_WARN_UNUSED_VARIABLE = YES;
				IPHONEOS_DEPLOYMENT_TARGET = 15.0;
				MTL_ENABLE_DEBUG_INFO = NO;
				MTL_FAST_MATH = YES;
				SDKROOT = iphoneos;
				SWIFT_COMPILATION_MODE = wholemodule;
				SWIFT_OPTIMIZATION_LEVEL = "-O";
				VALIDATE_PRODUCT = YES;
			};
			name = Release;
		};
		66C69605277AF73D00184173 /* Debug */ = {
			isa = XCBuildConfiguration;
			buildSettings = {
				ASSETCATALOG_COMPILER_APPICON_NAME = AppIcon;
				ASSETCATALOG_COMPILER_GLOBAL_ACCENT_COLOR_NAME = AccentColor;
				CODE_SIGN_STYLE = Automatic;
				CURRENT_PROJECT_VERSION = 1;
				DEVELOPMENT_ASSET_PATHS = "\"PomuSheet/Preview Content\"";
				DEVELOPMENT_TEAM = 84Y6X6PKWV;
				ENABLE_PREVIEWS = YES;
				GENERATE_INFOPLIST_FILE = YES;
				INFOPLIST_KEY_UIApplicationSceneManifest_Generation = YES;
				INFOPLIST_KEY_UIApplicationSupportsIndirectInputEvents = YES;
				INFOPLIST_KEY_UILaunchScreen_Generation = YES;
				INFOPLIST_KEY_UISupportedInterfaceOrientations_iPad = "UIInterfaceOrientationPortrait UIInterfaceOrientationPortraitUpsideDown UIInterfaceOrientationLandscapeLeft UIInterfaceOrientationLandscapeRight";
				INFOPLIST_KEY_UISupportedInterfaceOrientations_iPhone = "UIInterfaceOrientationPortrait UIInterfaceOrientationLandscapeLeft UIInterfaceOrientationLandscapeRight";
				LD_RUNPATH_SEARCH_PATHS = (
					"$(inherited)",
					"@executable_path/Frameworks",
				);
				MARKETING_VERSION = 1.0;
				PRODUCT_BUNDLE_IDENTIFIER = com.omochi.PomuSheet;
				PRODUCT_NAME = "$(TARGET_NAME)";
				SWIFT_EMIT_LOC_STRINGS = YES;
				SWIFT_VERSION = 5.0;
				TARGETED_DEVICE_FAMILY = "1,2";
			};
			name = Debug;
		};
		66C69606277AF73D00184173 /* Release */ = {
			isa = XCBuildConfiguration;
			buildSettings = {
				ASSETCATALOG_COMPILER_APPICON_NAME = AppIcon;
				ASSETCATALOG_COMPILER_GLOBAL_ACCENT_COLOR_NAME = AccentColor;
				CODE_SIGN_STYLE = Automatic;
				CURRENT_PROJECT_VERSION = 1;
				DEVELOPMENT_ASSET_PATHS = "\"PomuSheet/Preview Content\"";
				DEVELOPMENT_TEAM = 84Y6X6PKWV;
				ENABLE_PREVIEWS = YES;
				GENERATE_INFOPLIST_FILE = YES;
				INFOPLIST_KEY_UIApplicationSceneManifest_Generation = YES;
				INFOPLIST_KEY_UIApplicationSupportsIndirectInputEvents = YES;
				INFOPLIST_KEY_UILaunchScreen_Generation = YES;
				INFOPLIST_KEY_UISupportedInterfaceOrientations_iPad = "UIInterfaceOrientationPortrait UIInterfaceOrientationPortraitUpsideDown UIInterfaceOrientationLandscapeLeft UIInterfaceOrientationLandscapeRight";
				INFOPLIST_KEY_UISupportedInterfaceOrientations_iPhone = "UIInterfaceOrientationPortrait UIInterfaceOrientationLandscapeLeft UIInterfaceOrientationLandscapeRight";
				LD_RUNPATH_SEARCH_PATHS = (
					"$(inherited)",
					"@executable_path/Frameworks",
				);
				MARKETING_VERSION = 1.0;
				PRODUCT_BUNDLE_IDENTIFIER = com.omochi.PomuSheet;
				PRODUCT_NAME = "$(TARGET_NAME)";
				SWIFT_EMIT_LOC_STRINGS = YES;
				SWIFT_VERSION = 5.0;
				TARGETED_DEVICE_FAMILY = "1,2";
			};
			name = Release;
		};
		66C69608277AF73D00184173 /* Debug */ = {
			isa = XCBuildConfiguration;
			buildSettings = {
				ALWAYS_EMBED_SWIFT_STANDARD_LIBRARIES = YES;
				BUNDLE_LOADER = "$(TEST_HOST)";
				CODE_SIGN_STYLE = Automatic;
				CURRENT_PROJECT_VERSION = 1;
				DEVELOPMENT_TEAM = 84Y6X6PKWV;
				GENERATE_INFOPLIST_FILE = YES;
				IPHONEOS_DEPLOYMENT_TARGET = 15.0;
				LD_RUNPATH_SEARCH_PATHS = (
					"$(inherited)",
					"@executable_path/Frameworks",
					"@loader_path/Frameworks",
				);
				MARKETING_VERSION = 1.0;
				PRODUCT_BUNDLE_IDENTIFIER = com.omochi.PomuSheetTests;
				PRODUCT_NAME = "$(TARGET_NAME)";
				SWIFT_EMIT_LOC_STRINGS = NO;
				SWIFT_VERSION = 5.0;
				TARGETED_DEVICE_FAMILY = "1,2";
				TEST_HOST = "$(BUILT_PRODUCTS_DIR)/PomuSheet.app/PomuSheet";
			};
			name = Debug;
		};
		66C69609277AF73D00184173 /* Release */ = {
			isa = XCBuildConfiguration;
			buildSettings = {
				ALWAYS_EMBED_SWIFT_STANDARD_LIBRARIES = YES;
				BUNDLE_LOADER = "$(TEST_HOST)";
				CODE_SIGN_STYLE = Automatic;
				CURRENT_PROJECT_VERSION = 1;
				DEVELOPMENT_TEAM = 84Y6X6PKWV;
				GENERATE_INFOPLIST_FILE = YES;
				IPHONEOS_DEPLOYMENT_TARGET = 15.0;
				LD_RUNPATH_SEARCH_PATHS = (
					"$(inherited)",
					"@executable_path/Frameworks",
					"@loader_path/Frameworks",
				);
				MARKETING_VERSION = 1.0;
				PRODUCT_BUNDLE_IDENTIFIER = com.omochi.PomuSheetTests;
				PRODUCT_NAME = "$(TARGET_NAME)";
				SWIFT_EMIT_LOC_STRINGS = NO;
				SWIFT_VERSION = 5.0;
				TARGETED_DEVICE_FAMILY = "1,2";
				TEST_HOST = "$(BUILT_PRODUCTS_DIR)/PomuSheet.app/PomuSheet";
			};
			name = Release;
		};
		66C6960B277AF73D00184173 /* Debug */ = {
			isa = XCBuildConfiguration;
			buildSettings = {
				ALWAYS_EMBED_SWIFT_STANDARD_LIBRARIES = YES;
				CODE_SIGN_STYLE = Automatic;
				CURRENT_PROJECT_VERSION = 1;
				DEVELOPMENT_TEAM = 84Y6X6PKWV;
				GENERATE_INFOPLIST_FILE = YES;
				LD_RUNPATH_SEARCH_PATHS = (
					"$(inherited)",
					"@executable_path/Frameworks",
					"@loader_path/Frameworks",
				);
				MARKETING_VERSION = 1.0;
				PRODUCT_BUNDLE_IDENTIFIER = com.omochi.PomuSheetUITests;
				PRODUCT_NAME = "$(TARGET_NAME)";
				SWIFT_EMIT_LOC_STRINGS = NO;
				SWIFT_VERSION = 5.0;
				TARGETED_DEVICE_FAMILY = "1,2";
				TEST_TARGET_NAME = PomuSheet;
			};
			name = Debug;
		};
		66C6960C277AF73D00184173 /* Release */ = {
			isa = XCBuildConfiguration;
			buildSettings = {
				ALWAYS_EMBED_SWIFT_STANDARD_LIBRARIES = YES;
				CODE_SIGN_STYLE = Automatic;
				CURRENT_PROJECT_VERSION = 1;
				DEVELOPMENT_TEAM = 84Y6X6PKWV;
				GENERATE_INFOPLIST_FILE = YES;
				LD_RUNPATH_SEARCH_PATHS = (
					"$(inherited)",
					"@executable_path/Frameworks",
					"@loader_path/Frameworks",
				);
				MARKETING_VERSION = 1.0;
				PRODUCT_BUNDLE_IDENTIFIER = com.omochi.PomuSheetUITests;
				PRODUCT_NAME = "$(TARGET_NAME)";
				SWIFT_EMIT_LOC_STRINGS = NO;
				SWIFT_VERSION = 5.0;
				TARGETED_DEVICE_FAMILY = "1,2";
				TEST_TARGET_NAME = PomuSheet;
			};
			name = Release;
		};
/* End XCBuildConfiguration section */

/* Begin XCConfigurationList section */
		66C695DB277AF73B00184173 /* Build configuration list for PBXProject "PomuSheet" */ = {
			isa = XCConfigurationList;
			buildConfigurations = (
				66C69602277AF73D00184173 /* Debug */,
				66C69603277AF73D00184173 /* Release */,
			);
			defaultConfigurationIsVisible = 0;
			defaultConfigurationName = Release;
		};
		66C69604277AF73D00184173 /* Build configuration list for PBXNativeTarget "PomuSheet" */ = {
			isa = XCConfigurationList;
			buildConfigurations = (
				66C69605277AF73D00184173 /* Debug */,
				66C69606277AF73D00184173 /* Release */,
			);
			defaultConfigurationIsVisible = 0;
			defaultConfigurationName = Release;
		};
		66C69607277AF73D00184173 /* Build configuration list for PBXNativeTarget "PomuSheetTests" */ = {
			isa = XCConfigurationList;
			buildConfigurations = (
				66C69608277AF73D00184173 /* Debug */,
				66C69609277AF73D00184173 /* Release */,
			);
			defaultConfigurationIsVisible = 0;
			defaultConfigurationName = Release;
		};
		66C6960A277AF73D00184173 /* Build configuration list for PBXNativeTarget "PomuSheetUITests" */ = {
			isa = XCConfigurationList;
			buildConfigurations = (
				66C6960B277AF73D00184173 /* Debug */,
				66C6960C277AF73D00184173 /* Release */,
			);
			defaultConfigurationIsVisible = 0;
			defaultConfigurationName = Release;
		};
/* End XCConfigurationList section */
	};
	rootObject = 66C695D8277AF73B00184173 /* Project object */;
}
